
Microsoft Visual Studio Solution File, Format Version 12.00
# Visual Studio 15
VisualStudioVersion = 15.0.28307.1525
MinimumVisualStudioVersion = 10.0.40219.1
Project("{E24C65DC-7377-472B-9ABA-BC803B73C61A}") = "Assig", "Assig\", "{C101C18E-157D-4348-BB9B-59A895827DC4}"
	ProjectSection(WebsiteProperties) = preProject
		TargetFrameworkMoniker = ".NETFramework,Version%3Dv4.0"
		Debug.AspNetCompiler.VirtualPath = "/localhost_49833"
		Debug.AspNetCompiler.PhysicalPath = "Assig\"
		Debug.AspNetCompiler.TargetPath = "PrecompiledWeb\localhost_49833\"
		Debug.AspNetCompiler.Updateable = "true"
		Debug.AspNetCompiler.ForceOverwrite = "true"
		Debug.AspNetCompiler.FixedNames = "false"
		Debug.AspNetCompiler.Debug = "True"
		Release.AspNetCompiler.VirtualPath = "/localhost_49833"
		Release.AspNetCompiler.PhysicalPath = "Assig\"
		Release.AspNetCompiler.TargetPath = "PrecompiledWeb\localhost_49833\"
		Release.AspNetCompiler.Updateable = "true"
		Release.AspNetCompiler.ForceOverwrite = "true"
		Release.AspNetCompiler.FixedNames = "false"
		Release.AspNetCompiler.Debug = "False"
		VWDPort = "49833"
		SlnRelativePath = "Assig\"
		DefaultWebSiteLanguage = "Visual C#"
	EndProjectSection
EndProject
Global
	GlobalSection(SolutionConfigurationPlatforms) = preSolution
		Debug|Any CPU = Debug|Any CPU
	EndGlobalSection
	GlobalSection(ProjectConfigurationPlatforms) = postSolution
		{C101C18E-157D-4348-BB9B-59A895827DC4}.Debug|Any CPU.ActiveCfg = Debug|Any CPU
		{C101C18E-157D-4348-BB9B-59A895827DC4}.Debug|Any CPU.Build.0 = Debug|Any CPU
	EndGlobalSection
	GlobalSection(SolutionProperties) = preSolution
		HideSolutionNode = FALSE
	EndGlobalSection
	GlobalSection(ExtensibilityGlobals) = postSolution
		SolutionGuid = {1C9B04BE-5A61-4714-AD24-8FD28FEBDD43}
	EndGlobalSection
EndGlobal
